
Microsoft Visual Studio Solution File, Format Version 12.00
# Visual Studio 2015
Project("{FAE04EC0-301F-11D3-BF4B-00C04F79EFBC}") = "NoteRIder.CSharp", "NoteRIder.CSharp.csproj", "{8320EAE2-7B9F-DA94-0F62-D6FA4B72E468}"
EndProject
Global
	GlobalSection(SolutionConfigurationPlatforms) = preSolution
		Debug|Any CPU = Debug|Any CPU
		Release|Any CPU = Release|Any CPU
	EndGlobalSection
	GlobalSection(ProjectConfigurationPlatforms) = postSolution
		{8320EAE2-7B9F-DA94-0F62-D6FA4B72E468}.Debug|Any CPU.ActiveCfg = Debug|Any CPU
		{8320EAE2-7B9F-DA94-0F62-D6FA4B72E468}.Debug|Any CPU.Build.0 = Debug|Any CPU
		{8320EAE2-7B9F-DA94-0F62-D6FA4B72E468}.Release|Any CPU.ActiveCfg = Release|Any CPU
		{8320EAE2-7B9F-DA94-0F62-D6FA4B72E468}.Release|Any CPU.Build.0 = Release|Any CPU
	EndGlobalSection
	GlobalSection(SolutionProperties) = preSolution
		HideSolutionNode = FALSE
	EndGlobalSection
EndGlobal
